
Microsoft Visual Studio Solution File, Format Version 12.00
Project("{FAE04EC0-301F-11D3-BF4B-00C04F79EFBC}") = "Carbonyl", "Carbonyl\Carbonyl.csproj", "{D015DBC9-CDCE-4C2D-A622-0A98F564223F}"
EndProject
Project("{FAE04EC0-301F-11D3-BF4B-00C04F79EFBC}") = "Example", "Example\Example.csproj", "{34761907-7B0B-418E-B1D6-3D37D61D79B7}"
EndProject
Global
	GlobalSection(SolutionConfigurationPlatforms) = preSolution
		Debug|Any CPU = Debug|Any CPU
		Release|Any CPU = Release|Any CPU
	EndGlobalSection
	GlobalSection(ProjectConfigurationPlatforms) = postSolution
		{D015DBC9-CDCE-4C2D-A622-0A98F564223F}.Debug|Any CPU.ActiveCfg = Debug|Any CPU
		{D015DBC9-CDCE-4C2D-A622-0A98F564223F}.Debug|Any CPU.Build.0 = Debug|Any CPU
		{D015DBC9-CDCE-4C2D-A622-0A98F564223F}.Release|Any CPU.ActiveCfg = Release|Any CPU
		{D015DBC9-CDCE-4C2D-A622-0A98F564223F}.Release|Any CPU.Build.0 = Release|Any CPU
		{34761907-7B0B-418E-B1D6-3D37D61D79B7}.Debug|Any CPU.ActiveCfg = Debug|Any CPU
		{34761907-7B0B-418E-B1D6-3D37D61D79B7}.Debug|Any CPU.Build.0 = Debug|Any CPU
		{34761907-7B0B-418E-B1D6-3D37D61D79B7}.Release|Any CPU.ActiveCfg = Release|Any CPU
		{34761907-7B0B-418E-B1D6-3D37D61D79B7}.Release|Any CPU.Build.0 = Release|Any CPU
	EndGlobalSection
EndGlobal
